
Microsoft Visual Studio Solution File, Format Version 12.00
# Visual Studio Version 17
VisualStudioVersion = 17.9.34607.119
MinimumVisualStudioVersion = 10.0.40219.1
Project("{00D1A9C2-B5F0-4AF3-8072-F6C62B433612}") = "Base de datos", "Base de datos\Base de datos.sqlproj", "{A8C0BFBE-3BDD-4345-80DD-4E0F8EB696A4}"
EndProject
Project("{FAE04EC0-301F-11D3-BF4B-00C04F79EFBC}") = "Abstracciones", "Abstracciones\Abstracciones.csproj", "{EF62DEDE-AB33-45BF-8CBC-A8DCBA8B9A8B}"
EndProject
Project("{FAE04EC0-301F-11D3-BF4B-00C04F79EFBC}") = "BC", "BC\BC.csproj", "{15434623-EB7D-4CC6-8911-80EA4327BEDC}"
EndProject
Project("{FAE04EC0-301F-11D3-BF4B-00C04F79EFBC}") = "BW", "BW\BW.csproj", "{791E4309-0997-4E06-B45B-11E73964D07A}"
EndProject
Project("{FAE04EC0-301F-11D3-BF4B-00C04F79EFBC}") = "DA", "DA\DA.csproj", "{25DEDA56-E083-4B76-947D-51D5B09AD91E}"
EndProject
Project("{FAE04EC0-301F-11D3-BF4B-00C04F79EFBC}") = "SG", "SG\SG.csproj", "{657EE263-603C-4BAF-ACDB-05024C796CEA}"
EndProject
Project("{FAE04EC0-301F-11D3-BF4B-00C04F79EFBC}") = "Helpers", "Helpers\Helpers.csproj", "{47842D8A-E255-43A2-B620-FB4CBA446F8A}"
EndProject
Project("{FAE04EC0-301F-11D3-BF4B-00C04F79EFBC}") = "API", "API\API.csproj", "{807C3DFF-4B59-47BC-BA6E-97EABD512265}"
EndProject
Global
	GlobalSection(SolutionConfigurationPlatforms) = preSolution
		Debug|Any CPU = Debug|Any CPU
		Release|Any CPU = Release|Any CPU
	EndGlobalSection
	GlobalSection(ProjectConfigurationPlatforms) = postSolution
		{A8C0BFBE-3BDD-4345-80DD-4E0F8EB696A4}.Debug|Any CPU.ActiveCfg = Debug|Any CPU
		{A8C0BFBE-3BDD-4345-80DD-4E0F8EB696A4}.Debug|Any CPU.Build.0 = Debug|Any CPU
		{A8C0BFBE-3BDD-4345-80DD-4E0F8EB696A4}.Debug|Any CPU.Deploy.0 = Debug|Any CPU
		{A8C0BFBE-3BDD-4345-80DD-4E0F8EB696A4}.Release|Any CPU.ActiveCfg = Release|Any CPU
		{A8C0BFBE-3BDD-4345-80DD-4E0F8EB696A4}.Release|Any CPU.Build.0 = Release|Any CPU
		{A8C0BFBE-3BDD-4345-80DD-4E0F8EB696A4}.Release|Any CPU.Deploy.0 = Release|Any CPU
		{EF62DEDE-AB33-45BF-8CBC-A8DCBA8B9A8B}.Debug|Any CPU.ActiveCfg = Debug|Any CPU
		{EF62DEDE-AB33-45BF-8CBC-A8DCBA8B9A8B}.Debug|Any CPU.Build.0 = Debug|Any CPU
		{EF62DEDE-AB33-45BF-8CBC-A8DCBA8B9A8B}.Release|Any CPU.ActiveCfg = Release|Any CPU
		{EF62DEDE-AB33-45BF-8CBC-A8DCBA8B9A8B}.Release|Any CPU.Build.0 = Release|Any CPU
		{15434623-EB7D-4CC6-8911-80EA4327BEDC}.Debug|Any CPU.ActiveCfg = Debug|Any CPU
		{15434623-EB7D-4CC6-8911-80EA4327BEDC}.Debug|Any CPU.Build.0 = Debug|Any CPU
		{15434623-EB7D-4CC6-8911-80EA4327BEDC}.Release|Any CPU.ActiveCfg = Release|Any CPU
		{15434623-EB7D-4CC6-8911-80EA4327BEDC}.Release|Any CPU.Build.0 = Release|Any CPU
		{791E4309-0997-4E06-B45B-11E73964D07A}.Debug|Any CPU.ActiveCfg = Debug|Any CPU
		{791E4309-0997-4E06-B45B-11E73964D07A}.Debug|Any CPU.Build.0 = Debug|Any CPU
		{791E4309-0997-4E06-B45B-11E73964D07A}.Release|Any CPU.ActiveCfg = Release|Any CPU
		{791E4309-0997-4E06-B45B-11E73964D07A}.Release|Any CPU.Build.0 = Release|Any CPU
		{25DEDA56-E083-4B76-947D-51D5B09AD91E}.Debug|Any CPU.ActiveCfg = Debug|Any CPU
		{25DEDA56-E083-4B76-947D-51D5B09AD91E}.Debug|Any CPU.Build.0 = Debug|Any CPU
		{25DEDA56-E083-4B76-947D-51D5B09AD91E}.Release|Any CPU.ActiveCfg = Release|Any CPU
		{25DEDA56-E083-4B76-947D-51D5B09AD91E}.Release|Any CPU.Build.0 = Release|Any CPU
		{657EE263-603C-4BAF-ACDB-05024C796CEA}.Debug|Any CPU.ActiveCfg = Debug|Any CPU
		{657EE263-603C-4BAF-ACDB-05024C796CEA}.Debug|Any CPU.Build.0 = Debug|Any CPU
		{657EE263-603C-4BAF-ACDB-05024C796CEA}.Release|Any CPU.ActiveCfg = Release|Any CPU
		{657EE263-603C-4BAF-ACDB-05024C796CEA}.Release|Any CPU.Build.0 = Release|Any CPU
		{47842D8A-E255-43A2-B620-FB4CBA446F8A}.Debug|Any CPU.ActiveCfg = Debug|Any CPU
		{47842D8A-E255-43A2-B620-FB4CBA446F8A}.Debug|Any CPU.Build.0 = Debug|Any CPU
		{47842D8A-E255-43A2-B620-FB4CBA446F8A}.Release|Any CPU.ActiveCfg = Release|Any CPU
		{47842D8A-E255-43A2-B620-FB4CBA446F8A}.Release|Any CPU.Build.0 = Release|Any CPU
		{807C3DFF-4B59-47BC-BA6E-97EABD512265}.Debug|Any CPU.ActiveCfg = Debug|Any CPU
		{807C3DFF-4B59-47BC-BA6E-97EABD512265}.Debug|Any CPU.Build.0 = Debug|Any CPU
		{807C3DFF-4B59-47BC-BA6E-97EABD512265}.Release|Any CPU.ActiveCfg = Release|Any CPU
		{807C3DFF-4B59-47BC-BA6E-97EABD512265}.Release|Any CPU.Build.0 = Release|Any CPU
	EndGlobalSection
	GlobalSection(SolutionProperties) = preSolution
		HideSolutionNode = FALSE
	EndGlobalSection
	GlobalSection(ExtensibilityGlobals) = postSolution
		SolutionGuid = {3613D6DB-674C-4C03-B90A-954AF47AFCB6}
	EndGlobalSection
EndGlobal
