
Microsoft Visual Studio Solution File, Format Version 12.00
# Visual Studio Version 17
VisualStudioVersion = 17.9.34607.119
MinimumVisualStudioVersion = 10.0.40219.1
Project("{00D1A9C2-B5F0-4AF3-8072-F6C62B433612}") = "Base de datos", "Base de datos\Base de datos.sqlproj", "{A8C0BFBE-3BDD-4345-80DD-4E0F8EB696A4}"
EndProject
Global
	GlobalSection(SolutionConfigurationPlatforms) = preSolution
		Debug|Any CPU = Debug|Any CPU
		Release|Any CPU = Release|Any CPU
	EndGlobalSection
	GlobalSection(ProjectConfigurationPlatforms) = postSolution
		{A8C0BFBE-3BDD-4345-80DD-4E0F8EB696A4}.Debug|Any CPU.ActiveCfg = Debug|Any CPU
		{A8C0BFBE-3BDD-4345-80DD-4E0F8EB696A4}.Debug|Any CPU.Build.0 = Debug|Any CPU
		{A8C0BFBE-3BDD-4345-80DD-4E0F8EB696A4}.Debug|Any CPU.Deploy.0 = Debug|Any CPU
		{A8C0BFBE-3BDD-4345-80DD-4E0F8EB696A4}.Release|Any CPU.ActiveCfg = Release|Any CPU
		{A8C0BFBE-3BDD-4345-80DD-4E0F8EB696A4}.Release|Any CPU.Build.0 = Release|Any CPU
		{A8C0BFBE-3BDD-4345-80DD-4E0F8EB696A4}.Release|Any CPU.Deploy.0 = Release|Any CPU
	EndGlobalSection
	GlobalSection(SolutionProperties) = preSolution
		HideSolutionNode = FALSE
	EndGlobalSection
	GlobalSection(ExtensibilityGlobals) = postSolution
		SolutionGuid = {3613D6DB-674C-4C03-B90A-954AF47AFCB6}
	EndGlobalSection
EndGlobal
